{
  "originHash" : "35c77eb1b217b6aad8c300e276254e51f40bcc6a768982ff3a026a5b6d63c2e2",
  "pins" : [
    {
      "identity" : "swift-collections",
      "kind" : "remoteSourceControl",
      "location" : "https://github.com/apple/swift-collections.git",
      "state" : {
        "revision" : "a0cb0954ecb21e4e31b0070e6ed5674e8556685a",
        "version" : "1.6.0"
      }
    },
    {
      "identity" : "swift-highway",
      "kind" : "remoteSourceControl",
      "location" : "https://github.com/swift-dns/swift-highway.git",
      "state" : {
        "revision" : "272530f7053ea738849e2b3b62348bb9e50cbe9d",
        "version" : "1.0.0-alpha.2"
      }
    }
  ],
  "version" : 3
}
