{
  "originHash" : "72435bcb9de419c8c13e0c5fb4ee2e50be302f619a9a95d44f6ece9aca26242d",
  "pins" : [
    {
      "identity" : "swift-collections",
      "kind" : "remoteSourceControl",
      "location" : "https://github.com/apple/swift-collections.git",
      "state" : {
        "revision" : "98ef3c98609a1e31b7e157b5b619579001a789d6",
        "version" : "1.7.1"
      }
    },
    {
      "identity" : "swift-highway",
      "kind" : "remoteSourceControl",
      "location" : "https://github.com/swift-dns/swift-highway.git",
      "state" : {
        "revision" : "ae8654ceaf621fcefb3ed94f2515a84488a38160",
        "version" : "1.0.0-alpha.6"
      }
    }
  ],
  "version" : 3
}
