{
  "originHash" : "e720a21b69486b905c48a756a71db6fb368c537a65ee39004eb05fd6a49ec367",
  "pins" : [
    {
      "identity" : "swift-collections",
      "kind" : "remoteSourceControl",
      "location" : "https://github.com/apple/swift-collections.git",
      "state" : {
        "revision" : "98ef3c98609a1e31b7e157b5b619579001a789d6",
        "version" : "1.7.1"
      }
    },
    {
      "identity" : "swift-highway",
      "kind" : "remoteSourceControl",
      "location" : "https://github.com/swift-dns/swift-highway.git",
      "state" : {
        "revision" : "c64673e6d7d832afc13122d6febab4915796bc23",
        "version" : "1.0.0-alpha.4"
      }
    }
  ],
  "version" : 3
}
